
Microsoft Visual Studio Solution File, Format Version 12.00
# Visual Studio 2012
Project("{FAE04EC0-301F-11D3-BF4B-00C04F79EFBC}") = "TheNewYorkTimes", "TheNewYorkTimes\TheNewYorkTimes.csproj", "{10F92431-128B-4AD1-AB50-7D5388D2A441}"
EndProject
Project("{FAE04EC0-301F-11D3-BF4B-00C04F79EFBC}") = "TheNewYorkTimes.iOS", "iOS\TheNewYorkTimes.iOS.csproj", "{BA3C49E3-391F-49B4-9168-0B44B7F5599D}"
EndProject
Project("{FAE04EC0-301F-11D3-BF4B-00C04F79EFBC}") = "TheNewYorkTimes.Android", "Droid\TheNewYorkTimes.Android.csproj", "{3073DF5D-56C5-4178-B36C-F99C4BB92C6F}"
EndProject
Global
	GlobalSection(SolutionConfigurationPlatforms) = preSolution
		Debug|Any CPU = Debug|Any CPU
		Release|Any CPU = Release|Any CPU
		Debug|iPhoneSimulator = Debug|iPhoneSimulator
		Release|iPhone = Release|iPhone
		Release|iPhoneSimulator = Release|iPhoneSimulator
		Debug|iPhone = Debug|iPhone
	EndGlobalSection
	GlobalSection(ProjectConfigurationPlatforms) = postSolution
		{10F92431-128B-4AD1-AB50-7D5388D2A441}.Debug|Any CPU.ActiveCfg = Debug|Any CPU
		{10F92431-128B-4AD1-AB50-7D5388D2A441}.Debug|Any CPU.Build.0 = Debug|Any CPU
		{10F92431-128B-4AD1-AB50-7D5388D2A441}.Debug|iPhone.ActiveCfg = Debug|Any CPU
		{10F92431-128B-4AD1-AB50-7D5388D2A441}.Debug|iPhone.Build.0 = Debug|Any CPU
		{10F92431-128B-4AD1-AB50-7D5388D2A441}.Debug|iPhoneSimulator.ActiveCfg = Debug|Any CPU
		{10F92431-128B-4AD1-AB50-7D5388D2A441}.Debug|iPhoneSimulator.Build.0 = Debug|Any CPU
		{10F92431-128B-4AD1-AB50-7D5388D2A441}.Release|Any CPU.ActiveCfg = Release|Any CPU
		{10F92431-128B-4AD1-AB50-7D5388D2A441}.Release|Any CPU.Build.0 = Release|Any CPU
		{10F92431-128B-4AD1-AB50-7D5388D2A441}.Release|iPhone.ActiveCfg = Release|Any CPU
		{10F92431-128B-4AD1-AB50-7D5388D2A441}.Release|iPhone.Build.0 = Release|Any CPU
		{10F92431-128B-4AD1-AB50-7D5388D2A441}.Release|iPhoneSimulator.ActiveCfg = Release|Any CPU
		{10F92431-128B-4AD1-AB50-7D5388D2A441}.Release|iPhoneSimulator.Build.0 = Release|Any CPU
		{3073DF5D-56C5-4178-B36C-F99C4BB92C6F}.Debug|Any CPU.ActiveCfg = Debug|Any CPU
		{3073DF5D-56C5-4178-B36C-F99C4BB92C6F}.Debug|Any CPU.Build.0 = Debug|Any CPU
		{3073DF5D-56C5-4178-B36C-F99C4BB92C6F}.Debug|iPhone.ActiveCfg = Debug|Any CPU
		{3073DF5D-56C5-4178-B36C-F99C4BB92C6F}.Debug|iPhone.Build.0 = Debug|Any CPU
		{3073DF5D-56C5-4178-B36C-F99C4BB92C6F}.Debug|iPhoneSimulator.ActiveCfg = Debug|Any CPU
		{3073DF5D-56C5-4178-B36C-F99C4BB92C6F}.Debug|iPhoneSimulator.Build.0 = Debug|Any CPU
		{3073DF5D-56C5-4178-B36C-F99C4BB92C6F}.Release|Any CPU.ActiveCfg = Release|Any CPU
		{3073DF5D-56C5-4178-B36C-F99C4BB92C6F}.Release|Any CPU.Build.0 = Release|Any CPU
		{3073DF5D-56C5-4178-B36C-F99C4BB92C6F}.Release|iPhone.ActiveCfg = Release|Any CPU
		{3073DF5D-56C5-4178-B36C-F99C4BB92C6F}.Release|iPhone.Build.0 = Release|Any CPU
		{3073DF5D-56C5-4178-B36C-F99C4BB92C6F}.Release|iPhoneSimulator.ActiveCfg = Release|Any CPU
		{3073DF5D-56C5-4178-B36C-F99C4BB92C6F}.Release|iPhoneSimulator.Build.0 = Release|Any CPU
		{BA3C49E3-391F-49B4-9168-0B44B7F5599D}.Debug|Any CPU.ActiveCfg = Debug|iPhoneSimulator
		{BA3C49E3-391F-49B4-9168-0B44B7F5599D}.Debug|Any CPU.Build.0 = Debug|iPhoneSimulator
		{BA3C49E3-391F-49B4-9168-0B44B7F5599D}.Debug|iPhone.ActiveCfg = Debug|iPhone
		{BA3C49E3-391F-49B4-9168-0B44B7F5599D}.Debug|iPhone.Build.0 = Debug|iPhone
		{BA3C49E3-391F-49B4-9168-0B44B7F5599D}.Debug|iPhoneSimulator.ActiveCfg = Debug|iPhoneSimulator
		{BA3C49E3-391F-49B4-9168-0B44B7F5599D}.Debug|iPhoneSimulator.Build.0 = Debug|iPhoneSimulator
		{BA3C49E3-391F-49B4-9168-0B44B7F5599D}.Release|Any CPU.ActiveCfg = Release|iPhone
		{BA3C49E3-391F-49B4-9168-0B44B7F5599D}.Release|Any CPU.Build.0 = Release|iPhone
		{BA3C49E3-391F-49B4-9168-0B44B7F5599D}.Release|iPhone.ActiveCfg = Release|iPhone
		{BA3C49E3-391F-49B4-9168-0B44B7F5599D}.Release|iPhone.Build.0 = Release|iPhone
		{BA3C49E3-391F-49B4-9168-0B44B7F5599D}.Release|iPhoneSimulator.ActiveCfg = Release|iPhoneSimulator
		{BA3C49E3-391F-49B4-9168-0B44B7F5599D}.Release|iPhoneSimulator.Build.0 = Release|iPhoneSimulator
	EndGlobalSection
EndGlobal
